
Microsoft Visual Studio Solution File, Format Version 12.00
# Visual Studio Version 17
VisualStudioVersion = 17.8.34525.116
MinimumVisualStudioVersion = 10.0.40219.1
Project("{8BC9CEB8-8B4A-11D0-8D11-00A0C91BC942}") = "Project1", "Project1\Project1.vcxproj", "{FE67C579-084F-4647-A06C-4F2BDDFDF878}"
EndProject
Project("{8BC9CEB8-8B4A-11D0-8D11-00A0C91BC942}") = "Project2", "Project2\Project2.vcxproj", "{BE1F5587-94D5-410D-ADD5-DC9C354FF053}"
EndProject
Global
	GlobalSection(SolutionConfigurationPlatforms) = preSolution
		Debug|x64 = Debug|x64
		Debug|x86 = Debug|x86
		Release|x64 = Release|x64
		Release|x86 = Release|x86
	EndGlobalSection
	GlobalSection(ProjectConfigurationPlatforms) = postSolution
		{FE67C579-084F-4647-A06C-4F2BDDFDF878}.Debug|x64.ActiveCfg = Debug|x64
		{FE67C579-084F-4647-A06C-4F2BDDFDF878}.Debug|x64.Build.0 = Debug|x64
		{FE67C579-084F-4647-A06C-4F2BDDFDF878}.Debug|x86.ActiveCfg = Debug|Win32
		{FE67C579-084F-4647-A06C-4F2BDDFDF878}.Debug|x86.Build.0 = Debug|Win32
		{FE67C579-084F-4647-A06C-4F2BDDFDF878}.Release|x64.ActiveCfg = Release|x64
		{FE67C579-084F-4647-A06C-4F2BDDFDF878}.Release|x64.Build.0 = Release|x64
		{FE67C579-084F-4647-A06C-4F2BDDFDF878}.Release|x86.ActiveCfg = Release|Win32
		{FE67C579-084F-4647-A06C-4F2BDDFDF878}.Release|x86.Build.0 = Release|Win32
		{BE1F5587-94D5-410D-ADD5-DC9C354FF053}.Debug|x64.ActiveCfg = Debug|x64
		{BE1F5587-94D5-410D-ADD5-DC9C354FF053}.Debug|x64.Build.0 = Debug|x64
		{BE1F5587-94D5-410D-ADD5-DC9C354FF053}.Debug|x86.ActiveCfg = Debug|Win32
		{BE1F5587-94D5-410D-ADD5-DC9C354FF053}.Debug|x86.Build.0 = Debug|Win32
		{BE1F5587-94D5-410D-ADD5-DC9C354FF053}.Release|x64.ActiveCfg = Release|x64
		{BE1F5587-94D5-410D-ADD5-DC9C354FF053}.Release|x64.Build.0 = Release|x64
		{BE1F5587-94D5-410D-ADD5-DC9C354FF053}.Release|x86.ActiveCfg = Release|Win32
		{BE1F5587-94D5-410D-ADD5-DC9C354FF053}.Release|x86.Build.0 = Release|Win32
	EndGlobalSection
	GlobalSection(SolutionProperties) = preSolution
		HideSolutionNode = FALSE
	EndGlobalSection
	GlobalSection(ExtensibilityGlobals) = postSolution
		SolutionGuid = {162E15E0-C8D3-4EB7-B9F4-AD97A001F1CB}
	EndGlobalSection
EndGlobal
